{
  "version": 4,
  "terraform_version": "1.12.2",
  "serial": 29,
  "lineage": "a4ad8fae-3d23-9b54-972b-d57e2721cf07",
  "outputs": {},
  "resources": [
    {
      "module": "module.aegon_demo_glue",
      "mode": "managed",
      "type": "aws_glue_job",
      "name": "bronze_to_silver_job",
      "provider": "module.aegon_demo_glue.provider[\"registry.terraform.io/hashicorp/aws\"]",
      "instances": [
        {
          "schema_version": 0,
          "attributes": {
            "arn": "arn:aws:glue:eu-west-2:742604757472:job/etl-credit-card-bronze-to-silver",
            "command": [
              {
                "name": "glueetl",
                "python_version": "3",
                "runtime": "",
                "script_location": "s3://aegon-demo-datalake/scripts/etl_credit_card_bronze_to_silver.py"
              }
            ],
            "connections": [],
            "default_arguments": {
              "--TempDir": "s3://aegon-demo-datalake/temp/",
              "--datalake-formats": "iceberg",
              "--enable-glue-datacatalog": "true",
              "--enable-iceberg": "true",
              "--iceberg.catalog": "glue_catalog",
              "--iceberg.catalog.glue.catalog-impl": "org.apache.iceberg.aws.glue.GlueCatalog",
              "--iceberg.catalog.glue.io-impl": "org.apache.iceberg.aws.s3.S3FileIO",
              "--iceberg.catalog.glue.warehouse": "s3://aegon-demo-datalake/",
              "--job-language": "python"
            },
            "description": "",
            "execution_class": "",
            "execution_property": [
              {
                "max_concurrent_runs": 1
              }
            ],
            "glue_version": "4.0",
            "id": "etl-credit-card-bronze-to-silver",
            "job_mode": "SCRIPT",
            "job_run_queuing_enabled": false,
            "maintenance_window": "",
            "max_capacity": 2,
            "max_retries": 1,
            "name": "etl-credit-card-bronze-to-silver",
            "non_overridable_arguments": {},
            "notification_property": [],
            "number_of_workers": 2,
            "region": "eu-west-2",
            "role_arn": "arn:aws:iam::742604757472:role/aegon-demo-glue-role",
            "security_configuration": "",
            "source_control_details": [],
            "tags": {
              "Environment": "demo",
              "Project": "AegonDemo"
            },
            "tags_all": {
              "Environment": "demo",
              "Project": "AegonDemo"
            },
            "timeout": 10,
            "worker_type": "G.1X"
          },
          "sensitive_attributes": [],
          "identity_schema_version": 0,
          "private": "bnVsbA==",
          "dependencies": [
            "module.aegon_demo_glue.aws_iam_role.glue_role"
          ]
        }
      ]
    },
    {
      "module": "module.aegon_demo_glue",
      "mode": "managed",
      "type": "aws_glue_job",
      "name": "gold_jobs",
      "provider": "module.aegon_demo_glue.provider[\"registry.terraform.io/hashicorp/aws\"]",
      "instances": [
        {
          "index_key": "etl_credit_card_silver_to_gold_category_monthly",
          "schema_version": 0,
          "attributes": {
            "arn": "arn:aws:glue:eu-west-2:742604757472:job/etl_credit_card_silver_to_gold_category_monthly",
            "command": [
              {
                "name": "glueetl",
                "python_version": "3",
                "runtime": "",
                "script_location": "s3://aegon-demo-datalake/scripts/etl_credit_card_silver_to_gold_category_monthly.py"
              }
            ],
            "connections": [],
            "default_arguments": {
              "--TempDir": "s3://aegon-demo-datalake/temp/",
              "--datalake-formats": "iceberg",
              "--enable-glue-datacatalog": "true",
              "--enable-iceberg": "true",
              "--iceberg.catalog": "glue_catalog",
              "--iceberg.catalog.glue.catalog-impl": "org.apache.iceberg.aws.glue.GlueCatalog",
              "--iceberg.catalog.glue.io-impl": "org.apache.iceberg.aws.s3.S3FileIO",
              "--iceberg.catalog.glue.warehouse": "s3://aegon-demo-datalake/",
              "--job-language": "python"
            },
            "description": "",
            "execution_class": "",
            "execution_property": [
              {
                "max_concurrent_runs": 1
              }
            ],
            "glue_version": "4.0",
            "id": "etl_credit_card_silver_to_gold_category_monthly",
            "job_mode": "SCRIPT",
            "job_run_queuing_enabled": false,
            "maintenance_window": "",
            "max_capacity": 2,
            "max_retries": 1,
            "name": "etl_credit_card_silver_to_gold_category_monthly",
            "non_overridable_arguments": {},
            "notification_property": [],
            "number_of_workers": 2,
            "region": "eu-west-2",
            "role_arn": "arn:aws:iam::742604757472:role/aegon-demo-glue-role",
            "security_configuration": "",
            "source_control_details": [],
            "tags": {
              "Environment": "demo",
              "Project": "AegonDemo"
            },
            "tags_all": {
              "Environment": "demo",
              "Project": "AegonDemo"
            },
            "timeout": 10,
            "worker_type": "G.1X"
          },
          "sensitive_attributes": [],
          "identity_schema_version": 0,
          "private": "bnVsbA==",
          "dependencies": [
            "module.aegon_demo_glue.aws_iam_role.glue_role"
          ]
        },
        {
          "index_key": "etl_credit_card_silver_to_gold_customer_monthly",
          "schema_version": 0,
          "attributes": {
            "arn": "arn:aws:glue:eu-west-2:742604757472:job/etl_credit_card_silver_to_gold_customer_monthly",
            "command": [
              {
                "name": "glueetl",
                "python_version": "3",
                "runtime": "",
                "script_location": "s3://aegon-demo-datalake/scripts/etl_credit_card_silver_to_gold_customer_monthly.py"
              }
            ],
            "connections": [],
            "default_arguments": {
              "--TempDir": "s3://aegon-demo-datalake/temp/",
              "--datalake-formats": "iceberg",
              "--enable-glue-datacatalog": "true",
              "--enable-iceberg": "true",
              "--iceberg.catalog": "glue_catalog",
              "--iceberg.catalog.glue.catalog-impl": "org.apache.iceberg.aws.glue.GlueCatalog",
              "--iceberg.catalog.glue.io-impl": "org.apache.iceberg.aws.s3.S3FileIO",
              "--iceberg.catalog.glue.warehouse": "s3://aegon-demo-datalake/",
              "--job-language": "python"
            },
            "description": "",
            "execution_class": "",
            "execution_property": [
              {
                "max_concurrent_runs": 1
              }
            ],
            "glue_version": "4.0",
            "id": "etl_credit_card_silver_to_gold_customer_monthly",
            "job_mode": "SCRIPT",
            "job_run_queuing_enabled": false,
            "maintenance_window": "",
            "max_capacity": 2,
            "max_retries": 1,
            "name": "etl_credit_card_silver_to_gold_customer_monthly",
            "non_overridable_arguments": {},
            "notification_property": [],
            "number_of_workers": 2,
            "region": "eu-west-2",
            "role_arn": "arn:aws:iam::742604757472:role/aegon-demo-glue-role",
            "security_configuration": "",
            "source_control_details": [],
            "tags": {
              "Environment": "demo",
              "Project": "AegonDemo"
            },
            "tags_all": {
              "Environment": "demo",
              "Project": "AegonDemo"
            },
            "timeout": 10,
            "worker_type": "G.1X"
          },
          "sensitive_attributes": [],
          "identity_schema_version": 0,
          "private": "bnVsbA==",
          "dependencies": [
            "module.aegon_demo_glue.aws_iam_role.glue_role"
          ]
        },
        {
          "index_key": "etl_credit_card_silver_to_gold_fraud_daily",
          "schema_version": 0,
          "attributes": {
            "arn": "arn:aws:glue:eu-west-2:742604757472:job/etl_credit_card_silver_to_gold_fraud_daily",
            "command": [
              {
                "name": "glueetl",
                "python_version": "3",
                "runtime": "",
                "script_location": "s3://aegon-demo-datalake/scripts/etl_credit_card_silver_to_gold_fraud_daily.py"
              }
            ],
            "connections": [],
            "default_arguments": {
              "--TempDir": "s3://aegon-demo-datalake/temp/",
              "--datalake-formats": "iceberg",
              "--enable-glue-datacatalog": "true",
              "--enable-iceberg": "true",
              "--iceberg.catalog": "glue_catalog",
              "--iceberg.catalog.glue.catalog-impl": "org.apache.iceberg.aws.glue.GlueCatalog",
              "--iceberg.catalog.glue.io-impl": "org.apache.iceberg.aws.s3.S3FileIO",
              "--iceberg.catalog.glue.warehouse": "s3://aegon-demo-datalake/",
              "--job-language": "python"
            },
            "description": "",
            "execution_class": "",
            "execution_property": [
              {
                "max_concurrent_runs": 1
              }
            ],
            "glue_version": "4.0",
            "id": "etl_credit_card_silver_to_gold_fraud_daily",
            "job_mode": "SCRIPT",
            "job_run_queuing_enabled": false,
            "maintenance_window": "",
            "max_capacity": 2,
            "max_retries": 1,
            "name": "etl_credit_card_silver_to_gold_fraud_daily",
            "non_overridable_arguments": {},
            "notification_property": [],
            "number_of_workers": 2,
            "region": "eu-west-2",
            "role_arn": "arn:aws:iam::742604757472:role/aegon-demo-glue-role",
            "security_configuration": "",
            "source_control_details": [],
            "tags": {
              "Environment": "demo",
              "Project": "AegonDemo"
            },
            "tags_all": {
              "Environment": "demo",
              "Project": "AegonDemo"
            },
            "timeout": 10,
            "worker_type": "G.1X"
          },
          "sensitive_attributes": [],
          "identity_schema_version": 0,
          "private": "bnVsbA==",
          "dependencies": [
            "module.aegon_demo_glue.aws_iam_role.glue_role"
          ]
        },
        {
          "index_key": "etl_credit_card_silver_to_gold_location_monthly",
          "schema_version": 0,
          "attributes": {
            "arn": "arn:aws:glue:eu-west-2:742604757472:job/etl_credit_card_silver_to_gold_location_monthly",
            "command": [
              {
                "name": "glueetl",
                "python_version": "3",
                "runtime": "",
                "script_location": "s3://aegon-demo-datalake/scripts/etl_credit_card_silver_to_gold_location_monthly.py"
              }
            ],
            "connections": [],
            "default_arguments": {
              "--TempDir": "s3://aegon-demo-datalake/temp/",
              "--datalake-formats": "iceberg",
              "--enable-glue-datacatalog": "true",
              "--enable-iceberg": "true",
              "--iceberg.catalog": "glue_catalog",
              "--iceberg.catalog.glue.catalog-impl": "org.apache.iceberg.aws.glue.GlueCatalog",
              "--iceberg.catalog.glue.io-impl": "org.apache.iceberg.aws.s3.S3FileIO",
              "--iceberg.catalog.glue.warehouse": "s3://aegon-demo-datalake/",
              "--job-language": "python"
            },
            "description": "",
            "execution_class": "",
            "execution_property": [
              {
                "max_concurrent_runs": 1
              }
            ],
            "glue_version": "4.0",
            "id": "etl_credit_card_silver_to_gold_location_monthly",
            "job_mode": "SCRIPT",
            "job_run_queuing_enabled": false,
            "maintenance_window": "",
            "max_capacity": 2,
            "max_retries": 1,
            "name": "etl_credit_card_silver_to_gold_location_monthly",
            "non_overridable_arguments": {},
            "notification_property": [],
            "number_of_workers": 2,
            "region": "eu-west-2",
            "role_arn": "arn:aws:iam::742604757472:role/aegon-demo-glue-role",
            "security_configuration": "",
            "source_control_details": [],
            "tags": {
              "Environment": "demo",
              "Project": "AegonDemo"
            },
            "tags_all": {
              "Environment": "demo",
              "Project": "AegonDemo"
            },
            "timeout": 10,
            "worker_type": "G.1X"
          },
          "sensitive_attributes": [],
          "identity_schema_version": 0,
          "private": "bnVsbA==",
          "dependencies": [
            "module.aegon_demo_glue.aws_iam_role.glue_role"
          ]
        }
      ]
    },
    {
      "module": "module.aegon_demo_glue",
      "mode": "managed",
      "type": "aws_iam_role",
      "name": "glue_role",
      "provider": "module.aegon_demo_glue.provider[\"registry.terraform.io/hashicorp/aws\"]",
      "instances": [
        {
          "schema_version": 0,
          "attributes": {
            "arn": "arn:aws:iam::742604757472:role/aegon-demo-glue-role",
            "assume_role_policy": "{\"Statement\":[{\"Action\":\"sts:AssumeRole\",\"Effect\":\"Allow\",\"Principal\":{\"Service\":\"glue.amazonaws.com\"}}],\"Version\":\"2012-10-17\"}",
            "create_date": "2025-08-05T18:38:18Z",
            "description": "",
            "force_detach_policies": false,
            "id": "aegon-demo-glue-role",
            "inline_policy": [
              {
                "name": "aegon-demo-glue-passrole-policy",
                "policy": "{\"Version\":\"2012-10-17\",\"Statement\":[{\"Action\":[\"iam:PassRole\"],\"Effect\":\"Allow\",\"Resource\":\"arn:aws:iam::742604757472:role/aegon-demo-glue-role\"},{\"Action\":[\"s3:GetObject\",\"s3:PutObject\",\"s3:DeleteObject\",\"s3:ListBucket\"],\"Effect\":\"Allow\",\"Resource\":[\"arn:aws:s3:::aegon-demo-datalake\",\"arn:aws:s3:::aegon-demo-datalake/*\",\"arn:aws:s3:::aegon-demo-datalake/scripts/*\",\"arn:aws:s3:::aegon-demo-scripts\",\"arn:aws:s3:::aegon-demo-scripts/*\",\"arn:aws:s3:::aegon-demo-scripts/scripts/*\"]}]}"
              }
            ],
            "managed_policy_arns": [
              "arn:aws:iam::aws:policy/service-role/AWSGlueServiceRole"
            ],
            "max_session_duration": 3600,
            "name": "aegon-demo-glue-role",
            "name_prefix": "",
            "path": "/",
            "permissions_boundary": "",
            "tags": {
              "Environment": "demo",
              "Project": "AegonDemo"
            },
            "tags_all": {
              "Environment": "demo",
              "Project": "AegonDemo"
            },
            "unique_id": "AROA2ZZVRLHQHJRG2QOPD"
          },
          "sensitive_attributes": [],
          "identity_schema_version": 0,
          "identity": {
            "account_id": "742604757472",
            "name": "aegon-demo-glue-role"
          },
          "private": "eyJzY2hlbWFfdmVyc2lvbiI6IjAifQ=="
        }
      ]
    },
    {
      "module": "module.aegon_demo_glue",
      "mode": "managed",
      "type": "aws_iam_role",
      "name": "glue_service_role",
      "provider": "module.aegon_demo_glue.provider[\"registry.terraform.io/hashicorp/aws\"]",
      "instances": [
        {
          "schema_version": 0,
          "attributes": {
            "arn": "arn:aws:iam::742604757472:role/glue_service_role",
            "assume_role_policy": "{\"Statement\":[{\"Action\":\"sts:AssumeRole\",\"Effect\":\"Allow\",\"Principal\":{\"Service\":\"glue.amazonaws.com\"},\"Sid\":\"\"}],\"Version\":\"2012-10-17\"}",
            "create_date": "2025-08-05T15:54:44Z",
            "description": "",
            "force_detach_policies": false,
            "id": "glue_service_role",
            "inline_policy": [],
            "managed_policy_arns": [
              "arn:aws:iam::aws:policy/service-role/AWSGlueServiceRole"
            ],
            "max_session_duration": 3600,
            "name": "glue_service_role",
            "name_prefix": "",
            "path": "/",
            "permissions_boundary": "",
            "tags": {},
            "tags_all": {},
            "unique_id": "AROA2ZZVRLHQGRQYRJC5V"
          },
          "sensitive_attributes": [],
          "identity_schema_version": 0,
          "identity": {
            "account_id": "742604757472",
            "name": "glue_service_role"
          },
          "private": "eyJzY2hlbWFfdmVyc2lvbiI6IjAifQ=="
        }
      ]
    },
    {
      "module": "module.aegon_demo_glue",
      "mode": "managed",
      "type": "aws_iam_role_policy",
      "name": "glue_passrole_policy",
      "provider": "module.aegon_demo_glue.provider[\"registry.terraform.io/hashicorp/aws\"]",
      "instances": [
        {
          "schema_version": 0,
          "attributes": {
            "id": "aegon-demo-glue-role:aegon-demo-glue-passrole-policy",
            "name": "aegon-demo-glue-passrole-policy",
            "name_prefix": "",
            "policy": "{\"Version\":\"2012-10-17\",\"Statement\":[{\"Action\":[\"iam:PassRole\"],\"Effect\":\"Allow\",\"Resource\":\"arn:aws:iam::742604757472:role/aegon-demo-glue-role\",\"Sid\":\"AllowPassRole\"},{\"Action\":[\"s3:GetObject\",\"s3:PutObject\",\"s3:DeleteObject\",\"s3:ListBucket\"],\"Effect\":\"Allow\",\"Resource\":[\"arn:aws:s3:::aegon-demo-datalake\",\"arn:aws:s3:::aegon-demo-datalake/*\",\"arn:aws:s3:::aegon-demo-datalake/scripts/*\"],\"Sid\":\"S3Access\"},{\"Action\":[\"glue:CreateDatabase\",\"glue:GetDatabase\",\"glue:GetDatabases\",\"glue:CreateTable\",\"glue:UpdateTable\",\"glue:GetTable\",\"glue:GetTables\",\"glue:DeleteTable\"],\"Effect\":\"Allow\",\"Resource\":\"*\",\"Sid\":\"GlueCatalogPermissions\"},{\"Action\":[\"logs:CreateLogGroup\",\"logs:CreateLogStream\",\"logs:PutLogEvents\"],\"Effect\":\"Allow\",\"Resource\":\"*\",\"Sid\":\"CloudWatchLogs\"}]}",
            "role": "aegon-demo-glue-role"
          },
          "sensitive_attributes": [],
          "identity_schema_version": 0,
          "identity": {
            "account_id": "742604757472",
            "name": "aegon-demo-glue-passrole-policy",
            "role": "aegon-demo-glue-role"
          },
          "private": "bnVsbA==",
          "dependencies": [
            "module.aegon_demo_glue.aws_iam_role.glue_role"
          ]
        }
      ]
    },
    {
      "module": "module.aegon_demo_glue",
      "mode": "managed",
      "type": "aws_iam_role_policy_attachment",
      "name": "glue_policy",
      "provider": "module.aegon_demo_glue.provider[\"registry.terraform.io/hashicorp/aws\"]",
      "instances": [
        {
          "schema_version": 0,
          "attributes": {
            "id": "aegon-demo-glue-role/arn:aws:iam::aws:policy/service-role/AWSGlueServiceRole",
            "policy_arn": "arn:aws:iam::aws:policy/service-role/AWSGlueServiceRole",
            "role": "aegon-demo-glue-role"
          },
          "sensitive_attributes": [],
          "identity_schema_version": 0,
          "identity": {
            "account_id": "742604757472",
            "policy_arn": "arn:aws:iam::aws:policy/service-role/AWSGlueServiceRole",
            "role": "aegon-demo-glue-role"
          },
          "private": "bnVsbA==",
          "dependencies": [
            "module.aegon_demo_glue.aws_iam_role.glue_role"
          ]
        }
      ]
    },
    {
      "module": "module.aegon_demo_glue",
      "mode": "managed",
      "type": "aws_iam_role_policy_attachment",
      "name": "glue_service_policy",
      "provider": "module.aegon_demo_glue.provider[\"registry.terraform.io/hashicorp/aws\"]",
      "instances": [
        {
          "schema_version": 0,
          "attributes": {
            "id": "glue_service_role/arn:aws:iam::aws:policy/service-role/AWSGlueServiceRole",
            "policy_arn": "arn:aws:iam::aws:policy/service-role/AWSGlueServiceRole",
            "role": "glue_service_role"
          },
          "sensitive_attributes": [],
          "identity_schema_version": 0,
          "identity": {
            "account_id": "742604757472",
            "policy_arn": "arn:aws:iam::aws:policy/service-role/AWSGlueServiceRole",
            "role": "glue_service_role"
          },
          "private": "bnVsbA==",
          "dependencies": [
            "module.aegon_demo_glue.aws_iam_role.glue_service_role"
          ]
        }
      ]
    }
  ],
  "check_results": null
}
